
Microsoft Visual Studio Solution File, Format Version 12.00
# Visual Studio 2013
VisualStudioVersion = 12.0.21005.1
MinimumVisualStudioVersion = 10.0.40219.1
Project("{FAE04EC0-301F-11D3-BF4B-00C04F79EFBC}") = "FinanceCalculatorWeb", "FinanceCalculatorWeb\FinanceCalculatorWeb.csproj", "{5F914E86-2FF7-4470-9A81-CE1DF2900E03}"
EndProject
Project("{FAE04EC0-301F-11D3-BF4B-00C04F79EFBC}") = "FinanceCalculatorWeb.Tests", "FinanceCalculatorWeb.Tests\FinanceCalculatorWeb.Tests.csproj", "{AB8CEA16-7EB7-4385-805F-C26FC81A0F28}"
EndProject
Global
	GlobalSection(SolutionConfigurationPlatforms) = preSolution
		Debug|Any CPU = Debug|Any CPU
		Release|Any CPU = Release|Any CPU
	EndGlobalSection
	GlobalSection(ProjectConfigurationPlatforms) = postSolution
		{5F914E86-2FF7-4470-9A81-CE1DF2900E03}.Debug|Any CPU.ActiveCfg = Debug|Any CPU
		{5F914E86-2FF7-4470-9A81-CE1DF2900E03}.Debug|Any CPU.Build.0 = Debug|Any CPU
		{5F914E86-2FF7-4470-9A81-CE1DF2900E03}.Release|Any CPU.ActiveCfg = Release|Any CPU
		{5F914E86-2FF7-4470-9A81-CE1DF2900E03}.Release|Any CPU.Build.0 = Release|Any CPU
		{AB8CEA16-7EB7-4385-805F-C26FC81A0F28}.Debug|Any CPU.ActiveCfg = Debug|Any CPU
		{AB8CEA16-7EB7-4385-805F-C26FC81A0F28}.Debug|Any CPU.Build.0 = Debug|Any CPU
		{AB8CEA16-7EB7-4385-805F-C26FC81A0F28}.Release|Any CPU.ActiveCfg = Release|Any CPU
		{AB8CEA16-7EB7-4385-805F-C26FC81A0F28}.Release|Any CPU.Build.0 = Release|Any CPU
	EndGlobalSection
	GlobalSection(SolutionProperties) = preSolution
		HideSolutionNode = FALSE
	EndGlobalSection
EndGlobal
